
Microsoft Visual Studio Solution File, Format Version 12.00
# Visual Studio 15
VisualStudioVersion = 15.0.28307.852
MinimumVisualStudioVersion = 10.0.40219.1
Project("{FAE04EC0-301F-11D3-BF4B-00C04F79EFBC}") = "DoAn1", "Build-a-viewer-for-pytorch-model\DoAn1\DoAn1\DoAn1.csproj", "{0739AEEA-A0B8-4851-B483-72675B0763FC}"
EndProject
Global
	GlobalSection(SolutionConfigurationPlatforms) = preSolution
		Debug|Any CPU = Debug|Any CPU
		Release|Any CPU = Release|Any CPU
	EndGlobalSection
	GlobalSection(ProjectConfigurationPlatforms) = postSolution
		{0739AEEA-A0B8-4851-B483-72675B0763FC}.Debug|Any CPU.ActiveCfg = Debug|Any CPU
		{0739AEEA-A0B8-4851-B483-72675B0763FC}.Debug|Any CPU.Build.0 = Debug|Any CPU
		{0739AEEA-A0B8-4851-B483-72675B0763FC}.Release|Any CPU.ActiveCfg = Release|Any CPU
		{0739AEEA-A0B8-4851-B483-72675B0763FC}.Release|Any CPU.Build.0 = Release|Any CPU
	EndGlobalSection
	GlobalSection(SolutionProperties) = preSolution
		HideSolutionNode = FALSE
	EndGlobalSection
	GlobalSection(ExtensibilityGlobals) = postSolution
		SolutionGuid = {F0ABA41D-65CA-447E-B4C5-CD5FFB57D9F9}
	EndGlobalSection
EndGlobal
